
Microsoft Visual Studio Solution File, Format Version 12.00
# Visual Studio Version 17
VisualStudioVersion = 17.2.32526.322
MinimumVisualStudioVersion = 10.0.40219.1
Project("{FAE04EC0-301F-11D3-BF4B-00C04F79EFBC}") = "NNGY", "NNGY\NNGY.csproj", "{07A41221-AE5F-4623-9382-FC32D8DCE938}"
EndProject
Global
	GlobalSection(SolutionConfigurationPlatforms) = preSolution
		Debug|Any CPU = Debug|Any CPU
		Release|Any CPU = Release|Any CPU
	EndGlobalSection
	GlobalSection(ProjectConfigurationPlatforms) = postSolution
		{07A41221-AE5F-4623-9382-FC32D8DCE938}.Debug|Any CPU.ActiveCfg = Debug|Any CPU
		{07A41221-AE5F-4623-9382-FC32D8DCE938}.Debug|Any CPU.Build.0 = Debug|Any CPU
		{07A41221-AE5F-4623-9382-FC32D8DCE938}.Release|Any CPU.ActiveCfg = Release|Any CPU
		{07A41221-AE5F-4623-9382-FC32D8DCE938}.Release|Any CPU.Build.0 = Release|Any CPU
	EndGlobalSection
	GlobalSection(SolutionProperties) = preSolution
		HideSolutionNode = FALSE
	EndGlobalSection
	GlobalSection(ExtensibilityGlobals) = postSolution
		SolutionGuid = {FC3F7E22-0C55-4EFF-A238-A9405D4304EA}
	EndGlobalSection
EndGlobal
